
Microsoft Visual Studio Solution File, Format Version 12.00
# Visual Studio 15
VisualStudioVersion = 15.0.28307.645
MinimumVisualStudioVersion = 10.0.40219.1
Project("{FAE04EC0-301F-11D3-BF4B-00C04F79EFBC}") = "Data", "Data\Data.csproj", "{3125C5FB-C40E-4B52-AD0D-1E8424056D7F}"
EndProject
Global
	GlobalSection(SolutionConfigurationPlatforms) = preSolution
		Debug|Any CPU = Debug|Any CPU
		Release|Any CPU = Release|Any CPU
	EndGlobalSection
	GlobalSection(ProjectConfigurationPlatforms) = postSolution
		{3125C5FB-C40E-4B52-AD0D-1E8424056D7F}.Debug|Any CPU.ActiveCfg = Debug|Any CPU
		{3125C5FB-C40E-4B52-AD0D-1E8424056D7F}.Debug|Any CPU.Build.0 = Debug|Any CPU
		{3125C5FB-C40E-4B52-AD0D-1E8424056D7F}.Release|Any CPU.ActiveCfg = Release|Any CPU
		{3125C5FB-C40E-4B52-AD0D-1E8424056D7F}.Release|Any CPU.Build.0 = Release|Any CPU
	EndGlobalSection
	GlobalSection(SolutionProperties) = preSolution
		HideSolutionNode = FALSE
	EndGlobalSection
	GlobalSection(ExtensibilityGlobals) = postSolution
		SolutionGuid = {DD48388B-F61E-41F7-A193-0E0C31829619}
	EndGlobalSection
EndGlobal
