
Microsoft Visual Studio Solution File, Format Version 12.00
# Visual Studio 15
VisualStudioVersion = 15.0.28307.645
MinimumVisualStudioVersion = 10.0.40219.1
Project("{FAE04EC0-301F-11D3-BF4B-00C04F79EFBC}") = "Week5Team1", "Week5Team1\Week5Team1.csproj", "{1CE6E501-478E-4B79-B6FA-00B9D7DB901E}"
EndProject
Global
	GlobalSection(SolutionConfigurationPlatforms) = preSolution
		Debug|Any CPU = Debug|Any CPU
		Release|Any CPU = Release|Any CPU
	EndGlobalSection
	GlobalSection(ProjectConfigurationPlatforms) = postSolution
		{1CE6E501-478E-4B79-B6FA-00B9D7DB901E}.Debug|Any CPU.ActiveCfg = Debug|Any CPU
		{1CE6E501-478E-4B79-B6FA-00B9D7DB901E}.Debug|Any CPU.Build.0 = Debug|Any CPU
		{1CE6E501-478E-4B79-B6FA-00B9D7DB901E}.Release|Any CPU.ActiveCfg = Release|Any CPU
		{1CE6E501-478E-4B79-B6FA-00B9D7DB901E}.Release|Any CPU.Build.0 = Release|Any CPU
	EndGlobalSection
	GlobalSection(SolutionProperties) = preSolution
		HideSolutionNode = FALSE
	EndGlobalSection
	GlobalSection(ExtensibilityGlobals) = postSolution
		SolutionGuid = {65A19FBD-2F6C-42AB-AF4E-5D498881B2B8}
	EndGlobalSection
EndGlobal
